
Microsoft Visual Studio Solution File, Format Version 12.00
# Visual Studio 15
VisualStudioVersion = 15.0.27130.2010
MinimumVisualStudioVersion = 10.0.40219.1
Project("{54435603-DBB4-11D2-8724-00A0C9A8B90C}") = "WSLShortcuts", "WSLMenu\WSLMenu.vdproj", "{74BA3210-578E-49BD-85B6-E5247FC6611C}"
EndProject
Global
	GlobalSection(SolutionConfigurationPlatforms) = preSolution
		Debug|Default = Debug|Default
		Release|Default = Release|Default
	EndGlobalSection
	GlobalSection(ProjectConfigurationPlatforms) = postSolution
		{74BA3210-578E-49BD-85B6-E5247FC6611C}.Debug|Default.ActiveCfg = Debug
		{74BA3210-578E-49BD-85B6-E5247FC6611C}.Debug|Default.Build.0 = Debug
		{74BA3210-578E-49BD-85B6-E5247FC6611C}.Release|Default.ActiveCfg = Release
		{74BA3210-578E-49BD-85B6-E5247FC6611C}.Release|Default.Build.0 = Release
	EndGlobalSection
	GlobalSection(SolutionProperties) = preSolution
		HideSolutionNode = FALSE
	EndGlobalSection
	GlobalSection(ExtensibilityGlobals) = postSolution
		SolutionGuid = {DABD76D3-1246-4DF0-9C39-9046B99D9074}
	EndGlobalSection
EndGlobal
